// !$*UTF8*$!
{
	archiveVersion = 1;
	classes = {
	};
	objectVersion = 77;
	objects = {

/* Begin PBXBuildFile section */
		92FB14C72DBA389C00ABAD64 /* Auth in Frameworks */ = {isa = PBXBuildFile; productRef = 92FB14C62DBA389C00ABAD64 /* Auth */; };
		92FB14C92DBA389C00ABAD64 /* Functions in Frameworks */ = {isa = PBXBuildFile; productRef = 92FB14C82DBA389C00ABAD64 /* Functions */; };
		92FB14CB2DBA389C00ABAD64 /* PostgREST in Frameworks */ = {isa = PBXBuildFile; productRef = 92FB14CA2DBA389C00ABAD64 /* PostgREST */; };
		92FB14CD2DBA389C00ABAD64 /* Realtime in Frameworks */ = {isa = PBXBuildFile; productRef = 92FB14CC2DBA389C00ABAD64 /* Realtime */; };
		92FB14CF2DBA389C00ABAD64 /* Storage in Frameworks */ = {isa = PBXBuildFile; productRef = 92FB14CE2DBA389C00ABAD64 /* Storage */; };
		92FB14D12DBA389C00ABAD64 /* Supabase in Frameworks */ = {isa = PBXBuildFile; productRef = 92FB14D02DBA389C00ABAD64 /* Supabase */; };
/* End PBXBuildFile section */

/* Begin PBXContainerItemProxy section */
		927901922DBBB63600C0FD0A /* PBXContainerItemProxy */ = {
			isa = PBXContainerItemProxy;
			containerPortal = 92FB13FF2DB8B96400ABAD64 /* Project object */;
			proxyType = 1;
			remoteGlobalIDString = 92FB14062DB8B96400ABAD64;
			remoteInfo = Sedam;
		};
/* End PBXContainerItemProxy section */

/* Begin PBXFileReference section */
		9279018E2DBBB63600C0FD0A /* SedamTests.xctest */ = {isa = PBXFileReference; explicitFileType = wrapper.cfbundle; includeInIndex = 0; path = SedamTests.xctest; sourceTree = BUILT_PRODUCTS_DIR; };
		92A0B3C62DCCB2BE009A3A7B /* SedamTests.xctestplan */ = {isa = PBXFileReference; lastKnownFileType = text; path = SedamTests.xctestplan; sourceTree = "<group>"; };
		92FB14072DB8B96400ABAD64 /* Sedam.app */ = {isa = PBXFileReference; explicitFileType = wrapper.application; includeInIndex = 0; path = Sedam.app; sourceTree = BUILT_PRODUCTS_DIR; };
/* End PBXFileReference section */

/* Begin PBXFileSystemSynchronizedBuildFileExceptionSet section */
		9279FFA32DBBACC400C0FD0A /* Exceptions for "Sedam" folder in "Sedam" target */ = {
			isa = PBXFileSystemSynchronizedBuildFileExceptionSet;
			membershipExceptions = (
				Info.plist,
			);
			target = 92FB14062DB8B96400ABAD64 /* Sedam */;
		};
		E16D5CD52DBBCAAF004F5713 /* Exceptions for "Sedam" folder in "SedamTests" target */ = {
			isa = PBXFileSystemSynchronizedBuildFileExceptionSet;
			membershipExceptions = (
				"DesignSystem/Font/MaruBuri-Bold.otf",
				"DesignSystem/Font/MaruBuri-Light.otf",
				"DesignSystem/Font/MaruBuri-Regular.otf",
				"DesignSystem/Font/MaruBuri-SemiBold.otf",
				Enums/PostOrder.swift,
				Enums/TermName.swift,
				"Extension/Bundle+.swift",
				Models/Comment/Comment.swift,
				Models/Comment/CommentError.swift,
				Models/Comment/NewComment.swift,
				Models/Like/Like.swift,
				Models/Like/LikeError.swift,
				Models/Like/NewLike.swift,
				Models/Post/NewPost.swift,
				Models/Post/Post.swift,
				Models/Post/PostError.swift,
				Models/User/UserError.swift,
				Network/Manager/NetworkManager.swift,
				Network/Manager/SupabaseManager.swift,
				Network/Services/LikeService.swift,
				Network/Services/PostService.swift,
				Network/Services/TermsService.swift,
				Network/Services/TodayWordService.swift,
				Network/Services/UserService.swift,
			);
			target = 9279018D2DBBB63600C0FD0A /* SedamTests */;
		};
/* End PBXFileSystemSynchronizedBuildFileExceptionSet section */

/* Begin PBXFileSystemSynchronizedRootGroup section */
		927900062DBBAF6C00C0FD0A /* SedamTests */ = {
			isa = PBXFileSystemSynchronizedRootGroup;
			path = SedamTests;
			sourceTree = "<group>";
		};
		9279018F2DBBB63600C0FD0A /* SedamTests */ = {
			isa = PBXFileSystemSynchronizedRootGroup;
			path = SedamTests;
			sourceTree = "<group>";
		};
		92FB14092DB8B96400ABAD64 /* Sedam */ = {
			isa = PBXFileSystemSynchronizedRootGroup;
			exceptions = (
				9279FFA32DBBACC400C0FD0A /* Exceptions for "Sedam" folder in "Sedam" target */,
				E16D5CD52DBBCAAF004F5713 /* Exceptions for "Sedam" folder in "SedamTests" target */,
			);
			path = Sedam;
			sourceTree = "<group>";
		};
/* End PBXFileSystemSynchronizedRootGroup section */

/* Begin PBXFrameworksBuildPhase section */
		9279018B2DBBB63600C0FD0A /* Frameworks */ = {
			isa = PBXFrameworksBuildPhase;
			buildActionMask = 2147483647;
			files = (
			);
			runOnlyForDeploymentPostprocessing = 0;
		};
		92FB14042DB8B96400ABAD64 /* Frameworks */ = {
			isa = PBXFrameworksBuildPhase;
			buildActionMask = 2147483647;
			files = (
				92FB14D12DBA389C00ABAD64 /* Supabase in Frameworks */,
				92FB14CF2DBA389C00ABAD64 /* Storage in Frameworks */,
				92FB14CB2DBA389C00ABAD64 /* PostgREST in Frameworks */,
				92FB14C92DBA389C00ABAD64 /* Functions in Frameworks */,
				92FB14C72DBA389C00ABAD64 /* Auth in Frameworks */,
				92FB14CD2DBA389C00ABAD64 /* Realtime in Frameworks */,
			);
			runOnlyForDeploymentPostprocessing = 0;
		};
/* End PBXFrameworksBuildPhase section */

/* Begin PBXGroup section */
		92FB13FE2DB8B96400ABAD64 = {
			isa = PBXGroup;
			children = (
				92A0B3C62DCCB2BE009A3A7B /* SedamTests.xctestplan */,
				92FB14092DB8B96400ABAD64 /* Sedam */,
				927900062DBBAF6C00C0FD0A /* SedamTests */,
				9279018F2DBBB63600C0FD0A /* SedamTests */,
				E174C3D52DBE4CAE0064CEB8 /* Frameworks */,
				92FB14082DB8B96400ABAD64 /* Products */,
			);
			sourceTree = "<group>";
		};
		92FB14082DB8B96400ABAD64 /* Products */ = {
			isa = PBXGroup;
			children = (
				92FB14072DB8B96400ABAD64 /* Sedam.app */,
				9279018E2DBBB63600C0FD0A /* SedamTests.xctest */,
			);
			name = Products;
			sourceTree = "<group>";
		};
		E174C3D52DBE4CAE0064CEB8 /* Frameworks */ = {
			isa = PBXGroup;
			children = (
			);
			name = Frameworks;
			sourceTree = "<group>";
		};
/* End PBXGroup section */

/* Begin PBXNativeTarget section */
		9279018D2DBBB63600C0FD0A /* SedamTests */ = {
			isa = PBXNativeTarget;
			buildConfigurationList = 927901942DBBB63600C0FD0A /* Build configuration list for PBXNativeTarget "SedamTests" */;
			buildPhases = (
				9279018A2DBBB63600C0FD0A /* Sources */,
				9279018B2DBBB63600C0FD0A /* Frameworks */,
				9279018C2DBBB63600C0FD0A /* Resources */,
			);
			buildRules = (
			);
			dependencies = (
				927901932DBBB63600C0FD0A /* PBXTargetDependency */,
			);
			fileSystemSynchronizedGroups = (
				927900062DBBAF6C00C0FD0A /* SedamTests */,
				9279018F2DBBB63600C0FD0A /* SedamTests */,
			);
			name = SedamTests;
			packageProductDependencies = (
			);
			productName = SedamTests;
			productReference = 9279018E2DBBB63600C0FD0A /* SedamTests.xctest */;
			productType = "com.apple.product-type.bundle.unit-test";
		};
		92FB14062DB8B96400ABAD64 /* Sedam */ = {
			isa = PBXNativeTarget;
			buildConfigurationList = 92FB14122DB8B96600ABAD64 /* Build configuration list for PBXNativeTarget "Sedam" */;
			buildPhases = (
				92FB14032DB8B96400ABAD64 /* Sources */,
				92FB14042DB8B96400ABAD64 /* Frameworks */,
				92FB14052DB8B96400ABAD64 /* Resources */,
			);
			buildRules = (
			);
			dependencies = (
			);
			fileSystemSynchronizedGroups = (
				92FB14092DB8B96400ABAD64 /* Sedam */,
			);
			name = Sedam;
			packageProductDependencies = (
				92FB14C62DBA389C00ABAD64 /* Auth */,
				92FB14C82DBA389C00ABAD64 /* Functions */,
				92FB14CA2DBA389C00ABAD64 /* PostgREST */,
				92FB14CC2DBA389C00ABAD64 /* Realtime */,
				92FB14CE2DBA389C00ABAD64 /* Storage */,
				92FB14D02DBA389C00ABAD64 /* Supabase */,
			);
			productName = Sedam;
			productReference = 92FB14072DB8B96400ABAD64 /* Sedam.app */;
			productType = "com.apple.product-type.application";
		};
/* End PBXNativeTarget section */

/* Begin PBXProject section */
		92FB13FF2DB8B96400ABAD64 /* Project object */ = {
			isa = PBXProject;
			attributes = {
				BuildIndependentTargetsInParallel = 1;
				LastSwiftUpdateCheck = 1630;
				LastUpgradeCheck = 1630;
				TargetAttributes = {
					9279018D2DBBB63600C0FD0A = {
						CreatedOnToolsVersion = 16.3;
						TestTargetID = 92FB14062DB8B96400ABAD64;
					};
					92FB14062DB8B96400ABAD64 = {
						CreatedOnToolsVersion = 16.3;
					};
				};
			};
			buildConfigurationList = 92FB14022DB8B96400ABAD64 /* Build configuration list for PBXProject "Sedam" */;
			developmentRegion = en;
			hasScannedForEncodings = 0;
			knownRegions = (
				en,
				Base,
			);
			mainGroup = 92FB13FE2DB8B96400ABAD64;
			minimizedProjectReferenceProxies = 1;
			packageReferences = (
				92FB14C52DBA389C00ABAD64 /* XCRemoteSwiftPackageReference "supabase-swift" */,
			);
			preferredProjectObjectVersion = 77;
			productRefGroup = 92FB14082DB8B96400ABAD64 /* Products */;
			projectDirPath = "";
			projectRoot = "";
			targets = (
				92FB14062DB8B96400ABAD64 /* Sedam */,
				9279018D2DBBB63600C0FD0A /* SedamTests */,
			);
		};
/* End PBXProject section */

/* Begin PBXResourcesBuildPhase section */
		9279018C2DBBB63600C0FD0A /* Resources */ = {
			isa = PBXResourcesBuildPhase;
			buildActionMask = 2147483647;
			files = (
			);
			runOnlyForDeploymentPostprocessing = 0;
		};
		92FB14052DB8B96400ABAD64 /* Resources */ = {
			isa = PBXResourcesBuildPhase;
			buildActionMask = 2147483647;
			files = (
			);
			runOnlyForDeploymentPostprocessing = 0;
		};
/* End PBXResourcesBuildPhase section */

/* Begin PBXSourcesBuildPhase section */
		9279018A2DBBB63600C0FD0A /* Sources */ = {
			isa = PBXSourcesBuildPhase;
			buildActionMask = 2147483647;
			files = (
			);
			runOnlyForDeploymentPostprocessing = 0;
		};
		92FB14032DB8B96400ABAD64 /* Sources */ = {
			isa = PBXSourcesBuildPhase;
			buildActionMask = 2147483647;
			files = (
			);
			runOnlyForDeploymentPostprocessing = 0;
		};
/* End PBXSourcesBuildPhase section */

/* Begin PBXTargetDependency section */
		927901932DBBB63600C0FD0A /* PBXTargetDependency */ = {
			isa = PBXTargetDependency;
			target = 92FB14062DB8B96400ABAD64 /* Sedam */;
			targetProxy = 927901922DBBB63600C0FD0A /* PBXContainerItemProxy */;
		};
/* End PBXTargetDependency section */

/* Begin XCBuildConfiguration section */
		927901952DBBB63600C0FD0A /* Debug */ = {
			isa = XCBuildConfiguration;
			baseConfigurationReferenceAnchor = 92FB14092DB8B96400ABAD64 /* Sedam */;
			baseConfigurationReferenceRelativePath = Secrets.xcconfig;
			buildSettings = {
				BUNDLE_LOADER = "$(TEST_HOST)";
				CODE_SIGN_IDENTITY = "Apple Development";
				"CODE_SIGN_IDENTITY[sdk=iphoneos*]" = "iPhone Developer";
				"CODE_SIGN_IDENTITY[sdk=macosx*]" = "Apple Development";
				CODE_SIGN_STYLE = Manual;
				CURRENT_PROJECT_VERSION = 1;
				DEVELOPMENT_TEAM = "";
				"DEVELOPMENT_TEAM[sdk=iphoneos*]" = BMG3X5CM6G;
				"DEVELOPMENT_TEAM[sdk=macosx*]" = "";
				GENERATE_INFOPLIST_FILE = YES;
				MACH_O_TYPE = mh_bundle;
				MARKETING_VERSION = 1.0;
				PRODUCT_BUNDLE_IDENTIFIER = com.sedam.mipa;
				PRODUCT_NAME = "$(TARGET_NAME)";
				PROVISIONING_PROFILE_SPECIFIER = "";
				"PROVISIONING_PROFILE_SPECIFIER[sdk=iphoneos*]" = MipaTest;
				"PROVISIONING_PROFILE_SPECIFIER[sdk=macosx*]" = "";
				SWIFT_EMIT_LOC_STRINGS = NO;
				SWIFT_VERSION = 5.0;
				TARGETED_DEVICE_FAMILY = "1,2";
				TEST_HOST = "$(BUILT_PRODUCTS_DIR)/Sedam.app/$(BUNDLE_EXECUTABLE_FOLDER_PATH)/Sedam";
			};
			name = Debug;
		};
		927901962DBBB63600C0FD0A /* Release */ = {
			isa = XCBuildConfiguration;
			baseConfigurationReferenceAnchor = 92FB14092DB8B96400ABAD64 /* Sedam */;
			baseConfigurationReferenceRelativePath = Secrets.xcconfig;
			buildSettings = {
				BUNDLE_LOADER = "$(TEST_HOST)";
				CODE_SIGN_IDENTITY = "Apple Development";
				"CODE_SIGN_IDENTITY[sdk=iphoneos*]" = "iPhone Developer";
				"CODE_SIGN_IDENTITY[sdk=macosx*]" = "Apple Development";
				CODE_SIGN_STYLE = Manual;
				CURRENT_PROJECT_VERSION = 1;
				DEVELOPMENT_TEAM = "";
				"DEVELOPMENT_TEAM[sdk=iphoneos*]" = BMG3X5CM6G;
				"DEVELOPMENT_TEAM[sdk=macosx*]" = "";
				GENERATE_INFOPLIST_FILE = YES;
				MACH_O_TYPE = mh_bundle;
				MARKETING_VERSION = 1.0;
				ONLY_ACTIVE_ARCH = YES;
				PRODUCT_BUNDLE_IDENTIFIER = com.sedam.mipa;
				PRODUCT_NAME = "$(TARGET_NAME)";
				PROVISIONING_PROFILE_SPECIFIER = "";
				"PROVISIONING_PROFILE_SPECIFIER[sdk=iphoneos*]" = MipaTest;
				"PROVISIONING_PROFILE_SPECIFIER[sdk=macosx*]" = "";
				SWIFT_EMIT_LOC_STRINGS = NO;
				SWIFT_VERSION = 5.0;
				TARGETED_DEVICE_FAMILY = "1,2";
				TEST_HOST = "$(BUILT_PRODUCTS_DIR)/Sedam.app/$(BUNDLE_EXECUTABLE_FOLDER_PATH)/Sedam";
			};
			name = Release;
		};
		92FB14102DB8B96600ABAD64 /* Debug */ = {
			isa = XCBuildConfiguration;
			baseConfigurationReferenceAnchor = 92FB14092DB8B96400ABAD64 /* Sedam */;
			baseConfigurationReferenceRelativePath = Secrets.xcconfig;
			buildSettings = {
				ALWAYS_SEARCH_USER_PATHS = NO;
				ASSETCATALOG_COMPILER_GENERATE_SWIFT_ASSET_SYMBOL_EXTENSIONS = YES;
				CLANG_ANALYZER_NONNULL = YES;
				CLANG_ANALYZER_NUMBER_OBJECT_CONVERSION = YES_AGGRESSIVE;
				CLANG_CXX_LANGUAGE_STANDARD = "gnu++20";
				CLANG_ENABLE_MODULES = YES;
				CLANG_ENABLE_OBJC_ARC = YES;
				CLANG_ENABLE_OBJC_WEAK = YES;
				CLANG_WARN_BLOCK_CAPTURE_AUTORELEASING = YES;
				CLANG_WARN_BOOL_CONVERSION = YES;
				CLANG_WARN_COMMA = YES;
				CLANG_WARN_CONSTANT_CONVERSION = YES;
				CLANG_WARN_DEPRECATED_OBJC_IMPLEMENTATIONS = YES;
				CLANG_WARN_DIRECT_OBJC_ISA_USAGE = YES_ERROR;
				CLANG_WARN_DOCUMENTATION_COMMENTS = YES;
				CLANG_WARN_EMPTY_BODY = YES;
				CLANG_WARN_ENUM_CONVERSION = YES;
				CLANG_WARN_INFINITE_RECURSION = YES;
				CLANG_WARN_INT_CONVERSION = YES;
				CLANG_WARN_NON_LITERAL_NULL_CONVERSION = YES;
				CLANG_WARN_OBJC_IMPLICIT_RETAIN_SELF = YES;
				CLANG_WARN_OBJC_LITERAL_CONVERSION = YES;
				CLANG_WARN_OBJC_ROOT_CLASS = YES_ERROR;
				CLANG_WARN_QUOTED_INCLUDE_IN_FRAMEWORK_HEADER = YES;
				CLANG_WARN_RANGE_LOOP_ANALYSIS = YES;
				CLANG_WARN_STRICT_PROTOTYPES = YES;
				CLANG_WARN_SUSPICIOUS_MOVE = YES;
				CLANG_WARN_UNGUARDED_AVAILABILITY = YES_AGGRESSIVE;
				CLANG_WARN_UNREACHABLE_CODE = YES;
				CLANG_WARN__DUPLICATE_METHOD_MATCH = YES;
				COPY_PHASE_STRIP = NO;
				DEBUG_INFORMATION_FORMAT = dwarf;
				DEVELOPMENT_TEAM = BMG3X5CM6G;
				ENABLE_STRICT_OBJC_MSGSEND = YES;
				ENABLE_TESTABILITY = YES;
				ENABLE_USER_SCRIPT_SANDBOXING = YES;
				GCC_C_LANGUAGE_STANDARD = gnu17;
				GCC_DYNAMIC_NO_PIC = NO;
				GCC_NO_COMMON_BLOCKS = YES;
				GCC_OPTIMIZATION_LEVEL = 0;
				GCC_PREPROCESSOR_DEFINITIONS = (
					"DEBUG=1",
					"$(inherited)",
				);
				GCC_WARN_64_TO_32_BIT_CONVERSION = YES;
				GCC_WARN_ABOUT_RETURN_TYPE = YES_ERROR;
				GCC_WARN_UNDECLARED_SELECTOR = YES;
				GCC_WARN_UNINITIALIZED_AUTOS = YES_AGGRESSIVE;
				GCC_WARN_UNUSED_FUNCTION = YES;
				GCC_WARN_UNUSED_VARIABLE = YES;
				IPHONEOS_DEPLOYMENT_TARGET = 18.4;
				LOCALIZATION_PREFERS_STRING_CATALOGS = YES;
				MTL_ENABLE_DEBUG_INFO = INCLUDE_SOURCE;
				MTL_FAST_MATH = YES;
				ONLY_ACTIVE_ARCH = YES;
				SDKROOT = iphoneos;
				SWIFT_ACTIVE_COMPILATION_CONDITIONS = "DEBUG $(inherited)";
				SWIFT_OPTIMIZATION_LEVEL = "-Onone";
			};
			name = Debug;
		};
		92FB14112DB8B96600ABAD64 /* Release */ = {
			isa = XCBuildConfiguration;
			baseConfigurationReferenceAnchor = 92FB14092DB8B96400ABAD64 /* Sedam */;
			baseConfigurationReferenceRelativePath = Secrets.xcconfig;
			buildSettings = {
				ALWAYS_SEARCH_USER_PATHS = NO;
				ASSETCATALOG_COMPILER_GENERATE_SWIFT_ASSET_SYMBOL_EXTENSIONS = YES;
				CLANG_ANALYZER_NONNULL = YES;
				CLANG_ANALYZER_NUMBER_OBJECT_CONVERSION = YES_AGGRESSIVE;
				CLANG_CXX_LANGUAGE_STANDARD = "gnu++20";
				CLANG_ENABLE_MODULES = YES;
				CLANG_ENABLE_OBJC_ARC = YES;
				CLANG_ENABLE_OBJC_WEAK = YES;
				CLANG_WARN_BLOCK_CAPTURE_AUTORELEASING = YES;
				CLANG_WARN_BOOL_CONVERSION = YES;
				CLANG_WARN_COMMA = YES;
				CLANG_WARN_CONSTANT_CONVERSION = YES;
				CLANG_WARN_DEPRECATED_OBJC_IMPLEMENTATIONS = YES;
				CLANG_WARN_DIRECT_OBJC_ISA_USAGE = YES_ERROR;
				CLANG_WARN_DOCUMENTATION_COMMENTS = YES;
				CLANG_WARN_EMPTY_BODY = YES;
				CLANG_WARN_ENUM_CONVERSION = YES;
				CLANG_WARN_INFINITE_RECURSION = YES;
				CLANG_WARN_INT_CONVERSION = YES;
				CLANG_WARN_NON_LITERAL_NULL_CONVERSION = YES;
				CLANG_WARN_OBJC_IMPLICIT_RETAIN_SELF = YES;
				CLANG_WARN_OBJC_LITERAL_CONVERSION = YES;
				CLANG_WARN_OBJC_ROOT_CLASS = YES_ERROR;
				CLANG_WARN_QUOTED_INCLUDE_IN_FRAMEWORK_HEADER = YES;
				CLANG_WARN_RANGE_LOOP_ANALYSIS = YES;
				CLANG_WARN_STRICT_PROTOTYPES = YES;
				CLANG_WARN_SUSPICIOUS_MOVE = YES;
				CLANG_WARN_UNGUARDED_AVAILABILITY = YES_AGGRESSIVE;
				CLANG_WARN_UNREACHABLE_CODE = YES;
				CLANG_WARN__DUPLICATE_METHOD_MATCH = YES;
				COPY_PHASE_STRIP = NO;
				DEBUG_INFORMATION_FORMAT = "dwarf-with-dsym";
				DEVELOPMENT_TEAM = BMG3X5CM6G;
				ENABLE_NS_ASSERTIONS = NO;
				ENABLE_STRICT_OBJC_MSGSEND = YES;
				ENABLE_USER_SCRIPT_SANDBOXING = YES;
				GCC_C_LANGUAGE_STANDARD = gnu17;
				GCC_NO_COMMON_BLOCKS = YES;
				GCC_WARN_64_TO_32_BIT_CONVERSION = YES;
				GCC_WARN_ABOUT_RETURN_TYPE = YES_ERROR;
				GCC_WARN_UNDECLARED_SELECTOR = YES;
				GCC_WARN_UNINITIALIZED_AUTOS = YES_AGGRESSIVE;
				GCC_WARN_UNUSED_FUNCTION = YES;
				GCC_WARN_UNUSED_VARIABLE = YES;
				IPHONEOS_DEPLOYMENT_TARGET = 18.4;
				LOCALIZATION_PREFERS_STRING_CATALOGS = YES;
				MTL_ENABLE_DEBUG_INFO = NO;
				MTL_FAST_MATH = YES;
				SDKROOT = iphoneos;
				SWIFT_COMPILATION_MODE = wholemodule;
				VALIDATE_PRODUCT = YES;
			};
			name = Release;
		};
		92FB14132DB8B96600ABAD64 /* Debug */ = {
			isa = XCBuildConfiguration;
			baseConfigurationReferenceAnchor = 92FB14092DB8B96400ABAD64 /* Sedam */;
			baseConfigurationReferenceRelativePath = Secrets.xcconfig;
			buildSettings = {
				ASSETCATALOG_COMPILER_APPICON_NAME = AppIcon;
				ASSETCATALOG_COMPILER_GLOBAL_ACCENT_COLOR_NAME = AccentColor;
				CODE_SIGN_ENTITLEMENTS = Sedam/Sedam.entitlements;
				CODE_SIGN_IDENTITY = "Apple Development";
				"CODE_SIGN_IDENTITY[sdk=iphoneos*]" = "iPhone Developer";
				CODE_SIGN_STYLE = Manual;
				CURRENT_PROJECT_VERSION = 1;
				DEVELOPMENT_TEAM = "";
				"DEVELOPMENT_TEAM[sdk=iphoneos*]" = BMG3X5CM6G;
				ENABLE_PREVIEWS = YES;
				GENERATE_INFOPLIST_FILE = YES;
				INFOPLIST_FILE = Sedam/Info.plist;
				INFOPLIST_KEY_UIApplicationSceneManifest_Generation = YES;
				INFOPLIST_KEY_UIApplicationSupportsIndirectInputEvents = YES;
				INFOPLIST_KEY_UISupportedInterfaceOrientations_iPad = "UIInterfaceOrientationPortrait UIInterfaceOrientationPortraitUpsideDown UIInterfaceOrientationLandscapeLeft UIInterfaceOrientationLandscapeRight";
				INFOPLIST_KEY_UISupportedInterfaceOrientations_iPhone = "UIInterfaceOrientationPortrait UIInterfaceOrientationLandscapeLeft UIInterfaceOrientationLandscapeRight";
				INFOPLIST_KEY_UIUserInterfaceStyle = Light;
				IPHONEOS_DEPLOYMENT_TARGET = 17.6;
				LD_RUNPATH_SEARCH_PATHS = (
					"$(inherited)",
					"@executable_path/Frameworks",
				);
				MARKETING_VERSION = 1.0.0;
				PRODUCT_BUNDLE_IDENTIFIER = "mint-raum.Sedam";
				PRODUCT_NAME = "$(TARGET_NAME)";
				PROVISIONING_PROFILE_SPECIFIER = "";
				"PROVISIONING_PROFILE_SPECIFIER[sdk=iphoneos*]" = MIPA;
				SWIFT_EMIT_LOC_STRINGS = YES;
				SWIFT_VERSION = 5.0;
				TARGETED_DEVICE_FAMILY = "1,2";
			};
			name = Debug;
		};
		92FB14142DB8B96600ABAD64 /* Release */ = {
			isa = XCBuildConfiguration;
			baseConfigurationReferenceAnchor = 92FB14092DB8B96400ABAD64 /* Sedam */;
			baseConfigurationReferenceRelativePath = Secrets.xcconfig;
			buildSettings = {
				ASSETCATALOG_COMPILER_APPICON_NAME = AppIcon;
				ASSETCATALOG_COMPILER_GLOBAL_ACCENT_COLOR_NAME = AccentColor;
				CODE_SIGN_ENTITLEMENTS = Sedam/Sedam.entitlements;
				CODE_SIGN_IDENTITY = "Apple Development";
				"CODE_SIGN_IDENTITY[sdk=iphoneos*]" = "iPhone Developer";
				CODE_SIGN_STYLE = Manual;
				CURRENT_PROJECT_VERSION = 1;
				DEVELOPMENT_TEAM = "";
				"DEVELOPMENT_TEAM[sdk=iphoneos*]" = BMG3X5CM6G;
				ENABLE_PREVIEWS = YES;
				GENERATE_INFOPLIST_FILE = YES;
				INFOPLIST_FILE = Sedam/Info.plist;
				INFOPLIST_KEY_UIApplicationSceneManifest_Generation = YES;
				INFOPLIST_KEY_UIApplicationSupportsIndirectInputEvents = YES;
				INFOPLIST_KEY_UISupportedInterfaceOrientations_iPad = "UIInterfaceOrientationPortrait UIInterfaceOrientationPortraitUpsideDown UIInterfaceOrientationLandscapeLeft UIInterfaceOrientationLandscapeRight";
				INFOPLIST_KEY_UISupportedInterfaceOrientations_iPhone = "UIInterfaceOrientationPortrait UIInterfaceOrientationLandscapeLeft UIInterfaceOrientationLandscapeRight";
				INFOPLIST_KEY_UIUserInterfaceStyle = Light;
				IPHONEOS_DEPLOYMENT_TARGET = 17.6;
				LD_RUNPATH_SEARCH_PATHS = (
					"$(inherited)",
					"@executable_path/Frameworks",
				);
				MARKETING_VERSION = 1.0.0;
				PRODUCT_BUNDLE_IDENTIFIER = "mint-raum.Sedam";
				PRODUCT_NAME = "$(TARGET_NAME)";
				PROVISIONING_PROFILE_SPECIFIER = "";
				"PROVISIONING_PROFILE_SPECIFIER[sdk=iphoneos*]" = MIPA;
				SWIFT_EMIT_LOC_STRINGS = YES;
				SWIFT_VERSION = 5.0;
				TARGETED_DEVICE_FAMILY = "1,2";
			};
			name = Release;
		};
/* End XCBuildConfiguration section */

/* Begin XCConfigurationList section */
		927901942DBBB63600C0FD0A /* Build configuration list for PBXNativeTarget "SedamTests" */ = {
			isa = XCConfigurationList;
			buildConfigurations = (
				927901952DBBB63600C0FD0A /* Debug */,
				927901962DBBB63600C0FD0A /* Release */,
			);
			defaultConfigurationIsVisible = 0;
			defaultConfigurationName = Release;
		};
		92FB14022DB8B96400ABAD64 /* Build configuration list for PBXProject "Sedam" */ = {
			isa = XCConfigurationList;
			buildConfigurations = (
				92FB14102DB8B96600ABAD64 /* Debug */,
				92FB14112DB8B96600ABAD64 /* Release */,
			);
			defaultConfigurationIsVisible = 0;
			defaultConfigurationName = Release;
		};
		92FB14122DB8B96600ABAD64 /* Build configuration list for PBXNativeTarget "Sedam" */ = {
			isa = XCConfigurationList;
			buildConfigurations = (
				92FB14132DB8B96600ABAD64 /* Debug */,
				92FB14142DB8B96600ABAD64 /* Release */,
			);
			defaultConfigurationIsVisible = 0;
			defaultConfigurationName = Release;
		};
/* End XCConfigurationList section */

/* Begin XCRemoteSwiftPackageReference section */
		92FB14C52DBA389C00ABAD64 /* XCRemoteSwiftPackageReference "supabase-swift" */ = {
			isa = XCRemoteSwiftPackageReference;
			repositoryURL = "https://github.com/supabase-community/supabase-swift.git";
			requirement = {
				kind = upToNextMajorVersion;
				minimumVersion = 2.5.1;
			};
		};
/* End XCRemoteSwiftPackageReference section */

/* Begin XCSwiftPackageProductDependency section */
		92FB14C62DBA389C00ABAD64 /* Auth */ = {
			isa = XCSwiftPackageProductDependency;
			package = 92FB14C52DBA389C00ABAD64 /* XCRemoteSwiftPackageReference "supabase-swift" */;
			productName = Auth;
		};
		92FB14C82DBA389C00ABAD64 /* Functions */ = {
			isa = XCSwiftPackageProductDependency;
			package = 92FB14C52DBA389C00ABAD64 /* XCRemoteSwiftPackageReference "supabase-swift" */;
			productName = Functions;
		};
		92FB14CA2DBA389C00ABAD64 /* PostgREST */ = {
			isa = XCSwiftPackageProductDependency;
			package = 92FB14C52DBA389C00ABAD64 /* XCRemoteSwiftPackageReference "supabase-swift" */;
			productName = PostgREST;
		};
		92FB14CC2DBA389C00ABAD64 /* Realtime */ = {
			isa = XCSwiftPackageProductDependency;
			package = 92FB14C52DBA389C00ABAD64 /* XCRemoteSwiftPackageReference "supabase-swift" */;
			productName = Realtime;
		};
		92FB14CE2DBA389C00ABAD64 /* Storage */ = {
			isa = XCSwiftPackageProductDependency;
			package = 92FB14C52DBA389C00ABAD64 /* XCRemoteSwiftPackageReference "supabase-swift" */;
			productName = Storage;
		};
		92FB14D02DBA389C00ABAD64 /* Supabase */ = {
			isa = XCSwiftPackageProductDependency;
			package = 92FB14C52DBA389C00ABAD64 /* XCRemoteSwiftPackageReference "supabase-swift" */;
			productName = Supabase;
		};
/* End XCSwiftPackageProductDependency section */
	};
	rootObject = 92FB13FF2DB8B96400ABAD64 /* Project object */;
}
